
Microsoft Visual Studio Solution File, Format Version 12.00
# Visual Studio Version 17
VisualStudioVersion = 17.2.32516.85
MinimumVisualStudioVersion = 10.0.40219.1
Project("{9A19103F-16F7-4668-BE54-9A1E7A4F7556}") = "AIMS", "AIMS.csproj", "{C60A5BA8-4EC5-4F49-8BE4-FA8EB1509A3E}"
EndProject
Global
	GlobalSection(SolutionConfigurationPlatforms) = preSolution
		Debug|x86 = Debug|x86
		Release|x86 = Release|x86
	EndGlobalSection
	GlobalSection(ProjectConfigurationPlatforms) = postSolution
		{C60A5BA8-4EC5-4F49-8BE4-FA8EB1509A3E}.Debug|x86.ActiveCfg = Debug|Any CPU
		{C60A5BA8-4EC5-4F49-8BE4-FA8EB1509A3E}.Debug|x86.Build.0 = Debug|Any CPU
		{C60A5BA8-4EC5-4F49-8BE4-FA8EB1509A3E}.Release|x86.ActiveCfg = Release|x86
		{C60A5BA8-4EC5-4F49-8BE4-FA8EB1509A3E}.Release|x86.Build.0 = Release|x86
	EndGlobalSection
	GlobalSection(SolutionProperties) = preSolution
		HideSolutionNode = FALSE
	EndGlobalSection
	GlobalSection(ExtensibilityGlobals) = postSolution
		SolutionGuid = {83D204C9-4FAF-4FA1-851D-2E5D5751DB18}
	EndGlobalSection
EndGlobal
